# This file is automatically @generated by Cargo.
# It is not intended for manual editing.
[[package]]
name = "bitstream-io"
version = "0.8.2"
source = "registry+https://github.com/rust-lang/crates.io-index"

[[package]]
name = "midigenerator"
version = "0.1.0"
dependencies = [
 "bitstream-io 0.8.2 (registry+https://github.com/rust-lang/crates.io-index)",
]

[metadata]
"checksum bitstream-io 0.8.2 (registry+https://github.com/rust-lang/crates.io-index)" = "323985a3a863d4afdabd6fae576e28cd141abf1f9d47392a27b7cc561baa61a7"
